{
  "name": "@bit/maxthemillion.max-ci.visit-bar",
  "version": "0.0.3",
  "lockfileVersion": 1,
  "requires": true,
  "dependencies": {
    "@bit/maxthemillion.d3charts.styles": {
      "version": "0.0.5",
      "resolved": "https://node.bit.dev/maxthemillion.d3charts.styles/-/maxthemillion.d3charts.styles-0.0.5.tgz",
      "integrity": "sha1-4s9WgvoOX4pTOV9mERdeS+D/O9c="
    }
  }
}
